
Microsoft Visual Studio Solution File, Format Version 12.00
# Visual Studio 15
VisualStudioVersion = 15.0.26606.0
MinimumVisualStudioVersion = 10.0.40219.1
Project("{9A19103F-16F7-4668-BE54-9A1E7A4F7556}") = "Antialiasing", "Antialiasing\Antialiasing.csproj", "{A20E6E6A-6B17-4D41-83C3-037052686112}"
EndProject
Project("{9A19103F-16F7-4668-BE54-9A1E7A4F7556}") = "Antialiasing.Tests", "Antialiasing.Tests\Antialiasing.Tests.csproj", "{25DC5D4E-3AB6-4CF2-AD63-DD1D18393EDB}"
EndProject
Project("{2150E333-8FDC-42A3-9474-1A3956D46DE8}") = "Antialiasing.TestImages", "Antialiasing.TestImages", "{5E7DCFBE-8CBE-4EDD-845D-E390E4FBFA59}"
	ProjectSection(SolutionItems) = preProject
		Antialiasing.TestImages\300ppi_test_0.jpg = Antialiasing.TestImages\300ppi_test_0.jpg
		Antialiasing.TestImages\300ppi_test_1.jpg = Antialiasing.TestImages\300ppi_test_1.jpg
		Antialiasing.TestImages\300ppi_test_10.jpg = Antialiasing.TestImages\300ppi_test_10.jpg
		Antialiasing.TestImages\300ppi_test_11.jpg = Antialiasing.TestImages\300ppi_test_11.jpg
		Antialiasing.TestImages\300ppi_test_12.jpg = Antialiasing.TestImages\300ppi_test_12.jpg
		Antialiasing.TestImages\300ppi_test_13.jpg = Antialiasing.TestImages\300ppi_test_13.jpg
		Antialiasing.TestImages\300ppi_test_14.jpg = Antialiasing.TestImages\300ppi_test_14.jpg
		Antialiasing.TestImages\300ppi_test_15.jpg = Antialiasing.TestImages\300ppi_test_15.jpg
		Antialiasing.TestImages\300ppi_test_16.jpg = Antialiasing.TestImages\300ppi_test_16.jpg
		Antialiasing.TestImages\300ppi_test_17.jpg = Antialiasing.TestImages\300ppi_test_17.jpg
		Antialiasing.TestImages\300ppi_test_18.jpg = Antialiasing.TestImages\300ppi_test_18.jpg
		Antialiasing.TestImages\300ppi_test_19.jpg = Antialiasing.TestImages\300ppi_test_19.jpg
		Antialiasing.TestImages\300ppi_test_2.jpg = Antialiasing.TestImages\300ppi_test_2.jpg
		Antialiasing.TestImages\300ppi_test_20.jpg = Antialiasing.TestImages\300ppi_test_20.jpg
		Antialiasing.TestImages\300ppi_test_21.jpg = Antialiasing.TestImages\300ppi_test_21.jpg
		Antialiasing.TestImages\300ppi_test_22.jpg = Antialiasing.TestImages\300ppi_test_22.jpg
		Antialiasing.TestImages\300ppi_test_23.jpg = Antialiasing.TestImages\300ppi_test_23.jpg
		Antialiasing.TestImages\300ppi_test_24.jpg = Antialiasing.TestImages\300ppi_test_24.jpg
		Antialiasing.TestImages\300ppi_test_25.jpg = Antialiasing.TestImages\300ppi_test_25.jpg
		Antialiasing.TestImages\300ppi_test_26.jpg = Antialiasing.TestImages\300ppi_test_26.jpg
		Antialiasing.TestImages\300ppi_test_27.jpg = Antialiasing.TestImages\300ppi_test_27.jpg
		Antialiasing.TestImages\300ppi_test_28.jpg = Antialiasing.TestImages\300ppi_test_28.jpg
		Antialiasing.TestImages\300ppi_test_3.jpg = Antialiasing.TestImages\300ppi_test_3.jpg
		Antialiasing.TestImages\300ppi_test_30.jpg = Antialiasing.TestImages\300ppi_test_30.jpg
		Antialiasing.TestImages\300ppi_test_31.jpg = Antialiasing.TestImages\300ppi_test_31.jpg
		Antialiasing.TestImages\300ppi_test_32.jpg = Antialiasing.TestImages\300ppi_test_32.jpg
		Antialiasing.TestImages\300ppi_test_4.jpg = Antialiasing.TestImages\300ppi_test_4.jpg
		Antialiasing.TestImages\300ppi_test_5.jpg = Antialiasing.TestImages\300ppi_test_5.jpg
		Antialiasing.TestImages\300ppi_test_6.jpg = Antialiasing.TestImages\300ppi_test_6.jpg
		Antialiasing.TestImages\300ppi_test_7.jpg = Antialiasing.TestImages\300ppi_test_7.jpg
		Antialiasing.TestImages\300ppi_test_8.jpg = Antialiasing.TestImages\300ppi_test_8.jpg
		Antialiasing.TestImages\300ppi_test_9.jpg = Antialiasing.TestImages\300ppi_test_9.jpg
		Antialiasing.TestImages\72ppi_test_0.jpg = Antialiasing.TestImages\72ppi_test_0.jpg
		Antialiasing.TestImages\72ppi_test_1.jpg = Antialiasing.TestImages\72ppi_test_1.jpg
		Antialiasing.TestImages\72ppi_test_10.jpg = Antialiasing.TestImages\72ppi_test_10.jpg
		Antialiasing.TestImages\72ppi_test_12.jpg = Antialiasing.TestImages\72ppi_test_12.jpg
		Antialiasing.TestImages\72ppi_test_13.jpg = Antialiasing.TestImages\72ppi_test_13.jpg
		Antialiasing.TestImages\72ppi_test_14.jpg = Antialiasing.TestImages\72ppi_test_14.jpg
		Antialiasing.TestImages\72ppi_test_15.jpg = Antialiasing.TestImages\72ppi_test_15.jpg
		Antialiasing.TestImages\72ppi_test_16.jpg = Antialiasing.TestImages\72ppi_test_16.jpg
		Antialiasing.TestImages\72ppi_test_17.jpg = Antialiasing.TestImages\72ppi_test_17.jpg
		Antialiasing.TestImages\72ppi_test_18.jpg = Antialiasing.TestImages\72ppi_test_18.jpg
		Antialiasing.TestImages\72ppi_test_19.jpg = Antialiasing.TestImages\72ppi_test_19.jpg
		Antialiasing.TestImages\72ppi_test_20.jpg = Antialiasing.TestImages\72ppi_test_20.jpg
		Antialiasing.TestImages\72ppi_test_21.jpg = Antialiasing.TestImages\72ppi_test_21.jpg
		Antialiasing.TestImages\72ppi_test_22.jpg = Antialiasing.TestImages\72ppi_test_22.jpg
		Antialiasing.TestImages\72ppi_test_23.jpg = Antialiasing.TestImages\72ppi_test_23.jpg
		Antialiasing.TestImages\72ppi_test_24.jpg = Antialiasing.TestImages\72ppi_test_24.jpg
		Antialiasing.TestImages\72ppi_test_25.jpg = Antialiasing.TestImages\72ppi_test_25.jpg
		Antialiasing.TestImages\72ppi_test_26.jpg = Antialiasing.TestImages\72ppi_test_26.jpg
		Antialiasing.TestImages\72ppi_test_27.jpg = Antialiasing.TestImages\72ppi_test_27.jpg
		Antialiasing.TestImages\72ppi_test_28.jpg = Antialiasing.TestImages\72ppi_test_28.jpg
		Antialiasing.TestImages\72ppi_test_29.jpg = Antialiasing.TestImages\72ppi_test_29.jpg
		Antialiasing.TestImages\72ppi_test_3.jpg = Antialiasing.TestImages\72ppi_test_3.jpg
		Antialiasing.TestImages\72ppi_test_30.jpg = Antialiasing.TestImages\72ppi_test_30.jpg
		Antialiasing.TestImages\72ppi_test_31.jpg = Antialiasing.TestImages\72ppi_test_31.jpg
		Antialiasing.TestImages\72ppi_test_32.jpg = Antialiasing.TestImages\72ppi_test_32.jpg
		Antialiasing.TestImages\72ppi_test_33.jpg = Antialiasing.TestImages\72ppi_test_33.jpg
		Antialiasing.TestImages\72ppi_test_4.jpg = Antialiasing.TestImages\72ppi_test_4.jpg
		Antialiasing.TestImages\72ppi_test_5.jpg = Antialiasing.TestImages\72ppi_test_5.jpg
		Antialiasing.TestImages\72ppi_test_6.jpg = Antialiasing.TestImages\72ppi_test_6.jpg
		Antialiasing.TestImages\72ppi_test_7.jpg = Antialiasing.TestImages\72ppi_test_7.jpg
		Antialiasing.TestImages\72ppi_test_8.jpg = Antialiasing.TestImages\72ppi_test_8.jpg
		Antialiasing.TestImages\72ppi_test_9.jpg = Antialiasing.TestImages\72ppi_test_9.jpg
		Antialiasing.TestImages\96ppi_test_0.jpg = Antialiasing.TestImages\96ppi_test_0.jpg
		Antialiasing.TestImages\96ppi_test_1.jpg = Antialiasing.TestImages\96ppi_test_1.jpg
		Antialiasing.TestImages\96ppi_test_10.jpg = Antialiasing.TestImages\96ppi_test_10.jpg
		Antialiasing.TestImages\96ppi_test_11.jpg = Antialiasing.TestImages\96ppi_test_11.jpg
		Antialiasing.TestImages\96ppi_test_12.jpg = Antialiasing.TestImages\96ppi_test_12.jpg
		Antialiasing.TestImages\96ppi_test_13.jpg = Antialiasing.TestImages\96ppi_test_13.jpg
		Antialiasing.TestImages\96ppi_test_14.jpg = Antialiasing.TestImages\96ppi_test_14.jpg
		Antialiasing.TestImages\96ppi_test_15.jpg = Antialiasing.TestImages\96ppi_test_15.jpg
		Antialiasing.TestImages\96ppi_test_16.jpg = Antialiasing.TestImages\96ppi_test_16.jpg
		Antialiasing.TestImages\96ppi_test_17.jpg = Antialiasing.TestImages\96ppi_test_17.jpg
		Antialiasing.TestImages\96ppi_test_18.jpg = Antialiasing.TestImages\96ppi_test_18.jpg
		Antialiasing.TestImages\96ppi_test_19.jpg = Antialiasing.TestImages\96ppi_test_19.jpg
		Antialiasing.TestImages\96ppi_test_2.jpg = Antialiasing.TestImages\96ppi_test_2.jpg
		Antialiasing.TestImages\96ppi_test_20.jpg = Antialiasing.TestImages\96ppi_test_20.jpg
		Antialiasing.TestImages\96ppi_test_21.jpg = Antialiasing.TestImages\96ppi_test_21.jpg
		Antialiasing.TestImages\96ppi_test_22.jpg = Antialiasing.TestImages\96ppi_test_22.jpg
		Antialiasing.TestImages\96ppi_test_23.jpg = Antialiasing.TestImages\96ppi_test_23.jpg
		Antialiasing.TestImages\96ppi_test_24.jpg = Antialiasing.TestImages\96ppi_test_24.jpg
		Antialiasing.TestImages\96ppi_test_25.jpg = Antialiasing.TestImages\96ppi_test_25.jpg
		Antialiasing.TestImages\96ppi_test_26.jpg = Antialiasing.TestImages\96ppi_test_26.jpg
		Antialiasing.TestImages\96ppi_test_27.jpg = Antialiasing.TestImages\96ppi_test_27.jpg
		Antialiasing.TestImages\96ppi_test_28.jpg = Antialiasing.TestImages\96ppi_test_28.jpg
		Antialiasing.TestImages\96ppi_test_29.jpg = Antialiasing.TestImages\96ppi_test_29.jpg
		Antialiasing.TestImages\96ppi_test_3.jpg = Antialiasing.TestImages\96ppi_test_3.jpg
		Antialiasing.TestImages\96ppi_test_30.jpg = Antialiasing.TestImages\96ppi_test_30.jpg
		Antialiasing.TestImages\96ppi_test_31.jpg = Antialiasing.TestImages\96ppi_test_31.jpg
		Antialiasing.TestImages\96ppi_test_32.jpg = Antialiasing.TestImages\96ppi_test_32.jpg
		Antialiasing.TestImages\96ppi_test_4.jpg = Antialiasing.TestImages\96ppi_test_4.jpg
		Antialiasing.TestImages\96ppi_test_5.jpg = Antialiasing.TestImages\96ppi_test_5.jpg
		Antialiasing.TestImages\96ppi_test_6.jpg = Antialiasing.TestImages\96ppi_test_6.jpg
		Antialiasing.TestImages\96ppi_test_7.jpg = Antialiasing.TestImages\96ppi_test_7.jpg
		Antialiasing.TestImages\96ppi_test_8.jpg = Antialiasing.TestImages\96ppi_test_8.jpg
		Antialiasing.TestImages\96ppi_test_9.jpg = Antialiasing.TestImages\96ppi_test_9.jpg
	EndProjectSection
EndProject
Global
	GlobalSection(SolutionConfigurationPlatforms) = preSolution
		Debug|Any CPU = Debug|Any CPU
		Release|Any CPU = Release|Any CPU
	EndGlobalSection
	GlobalSection(ProjectConfigurationPlatforms) = postSolution
		{A20E6E6A-6B17-4D41-83C3-037052686112}.Debug|Any CPU.ActiveCfg = Debug|Any CPU
		{A20E6E6A-6B17-4D41-83C3-037052686112}.Debug|Any CPU.Build.0 = Debug|Any CPU
		{A20E6E6A-6B17-4D41-83C3-037052686112}.Release|Any CPU.ActiveCfg = Release|Any CPU
		{A20E6E6A-6B17-4D41-83C3-037052686112}.Release|Any CPU.Build.0 = Release|Any CPU
		{25DC5D4E-3AB6-4CF2-AD63-DD1D18393EDB}.Debug|Any CPU.ActiveCfg = Debug|Any CPU
		{25DC5D4E-3AB6-4CF2-AD63-DD1D18393EDB}.Debug|Any CPU.Build.0 = Debug|Any CPU
		{25DC5D4E-3AB6-4CF2-AD63-DD1D18393EDB}.Release|Any CPU.ActiveCfg = Release|Any CPU
		{25DC5D4E-3AB6-4CF2-AD63-DD1D18393EDB}.Release|Any CPU.Build.0 = Release|Any CPU
	EndGlobalSection
	GlobalSection(SolutionProperties) = preSolution
		HideSolutionNode = FALSE
	EndGlobalSection
EndGlobal
